{
  "object": {
    "pins": [
      {
        "package": "CGEventOverride",
        "repositoryURL": "https://github.com/intitni/CGEventOverride.git",
        "state": {
          "branch": null,
          "revision": "a6585d580eedc151ec9918af06a182d26e1248f5",
          "version": null
        }
      },
      {
        "package": "combine-schedulers",
        "repositoryURL": "https://github.com/pointfreeco/combine-schedulers",
        "state": {
          "branch": null,
          "revision": "ec62f32d21584214a4b27c8cee2b2ad70ab2c38a",
          "version": "0.11.0"
        }
      },
      {
        "package": "CombineExt",
        "repositoryURL": "https://github.com/CombineCommunity/CombineExt",
        "state": {
          "branch": null,
          "revision": "0880829102152185190064fd17847a7c681d2127",
          "version": "1.5.1"
        }
      },
      {
        "package": "LaunchAtLogin",
        "repositoryURL": "https://github.com/sindresorhus/LaunchAtLogin",
        "state": {
          "branch": null,
          "revision": "e8171b3e38a2816f579f58f3dac1522aa39efe41",
          "version": "4.2.0"
        }
      },
      {
        "package": "swift-case-paths",
        "repositoryURL": "https://github.com/pointfreeco/swift-case-paths",
        "state": {
          "branch": null,
          "revision": "fc45e7b2cfece9dd80b5a45e6469ffe67fe67984",
          "version": "0.14.1"
        }
      },
      {
        "package": "swift-collections",
        "repositoryURL": "https://github.com/apple/swift-collections",
        "state": {
          "branch": null,
          "revision": "a0cb0954ecb21e4e31b0070e6ed5674e8556685a",
          "version": "1.6.0"
        }
      },
      {
        "package": "swift-composable-architecture",
        "repositoryURL": "https://github.com/pointfreeco/swift-composable-architecture",
        "state": {
          "branch": null,
          "revision": "599a2398adaaa7a4e3f5420cde7728c39e33677e",
          "version": "0.28.1"
        }
      },
      {
        "package": "swift-concurrency-extras",
        "repositoryURL": "https://github.com/pointfreeco/swift-concurrency-extras",
        "state": {
          "branch": null,
          "revision": "a46265bb4f75808b0e15d971eebc408f557870a3",
          "version": "0.1.2"
        }
      },
      {
        "package": "swift-custom-dump",
        "repositoryURL": "https://github.com/pointfreeco/swift-custom-dump",
        "state": {
          "branch": null,
          "revision": "0a5bff05fe01dcd513932ed338a4efad8268b803",
          "version": "0.11.2"
        }
      },
      {
        "package": "swift-identified-collections",
        "repositoryURL": "https://github.com/pointfreeco/swift-identified-collections",
        "state": {
          "branch": null,
          "revision": "d01446a78fb768adc9a78cbb6df07767c8ccfc29",
          "version": "0.8.0"
        }
      },
      {
        "package": "xctest-dynamic-overlay",
        "repositoryURL": "https://github.com/pointfreeco/xctest-dynamic-overlay",
        "state": {
          "branch": null,
          "revision": "50843cbb8551db836adec2290bb4bc6bac5c1865",
          "version": "0.9.0"
        }
      }
    ]
  },
  "version": 1
}
